
Microsoft Visual Studio Solution File, Format Version 12.00
# Visual Studio Version 16
VisualStudioVersion = 16.0.29709.97
MinimumVisualStudioVersion = 10.0.40219.1
Project("{9A19103F-16F7-4668-BE54-9A1E7A4F7556}") = "GDB.M2M.Service", "GDB.M2M.Service\GDB.M2M.Service.csproj", "{D1AD9206-7032-40D3-A9E5-66F11675FE76}"
EndProject
Global
	GlobalSection(SolutionConfigurationPlatforms) = preSolution
		Debug|Any CPU = Debug|Any CPU
		Release|Any CPU = Release|Any CPU
	EndGlobalSection
	GlobalSection(ProjectConfigurationPlatforms) = postSolution
		{D1AD9206-7032-40D3-A9E5-66F11675FE76}.Debug|Any CPU.ActiveCfg = Debug|Any CPU
		{D1AD9206-7032-40D3-A9E5-66F11675FE76}.Debug|Any CPU.Build.0 = Debug|Any CPU
		{D1AD9206-7032-40D3-A9E5-66F11675FE76}.Release|Any CPU.ActiveCfg = Release|Any CPU
		{D1AD9206-7032-40D3-A9E5-66F11675FE76}.Release|Any CPU.Build.0 = Release|Any CPU
	EndGlobalSection
	GlobalSection(SolutionProperties) = preSolution
		HideSolutionNode = FALSE
	EndGlobalSection
	GlobalSection(ExtensibilityGlobals) = postSolution
		SolutionGuid = {B0AE4923-E6E9-41C6-B96A-009763E54A6F}
	EndGlobalSection
EndGlobal
